
Microsoft Visual Studio Solution File, Format Version 12.00
# Visual Studio 2013
VisualStudioVersion = 12.0.21005.1
MinimumVisualStudioVersion = 10.0.40219.1
Project("{FAE04EC0-301F-11D3-BF4B-00C04F79EFBC}") = "Presentation.Taxonomy.Demo", "Presentation.Taxonomy.Demo\Presentation.Taxonomy.Demo.csproj", "{2A373C50-747E-4BB0-9928-13857E1D3BD5}"
EndProject
Project("{FAE04EC0-301F-11D3-BF4B-00C04F79EFBC}") = "Presentation.Taxonomy.Console", "Presentation.Taxonomy.Console\Presentation.Taxonomy.Console.csproj", "{AABCA900-5695-40CC-88B9-AD74858B52BF}"
EndProject
Project("{2150E333-8FDC-42A3-9474-1A3956D46DE8}") = "PowerShell", "PowerShell", "{17F9C149-2BFD-4250-9570-FB69A9282815}"
EndProject
Project("{2150E333-8FDC-42A3-9474-1A3956D46DE8}") = "Deployment", "Deployment", "{889AC0A4-CE87-4E35-AE71-1B5EB4309ACA}"
	ProjectSection(SolutionItems) = preProject
		PowerShell\Deployment\Import.Columns.ps1 = PowerShell\Deployment\Import.Columns.ps1
		PowerShell\Deployment\Import.Content.Types.ps1 = PowerShell\Deployment\Import.Content.Types.ps1
		PowerShell\Deployment\Import.Lists.ps1 = PowerShell\Deployment\Import.Lists.ps1
		PowerShell\Deployment\Import.Solution.ps1 = PowerShell\Deployment\Import.Solution.ps1
		PowerShell\Deployment\Import.Taxonomy.ps1 = PowerShell\Deployment\Import.Taxonomy.ps1
		PowerShell\Deployment\Input.xml = PowerShell\Deployment\Input.xml
		PowerShell\Deployment\Manage.Feature.ps1 = PowerShell\Deployment\Manage.Feature.ps1
	EndProjectSection
EndProject
Project("{2150E333-8FDC-42A3-9474-1A3956D46DE8}") = "Reverse.Engineer", "Reverse.Engineer", "{4F23F11C-D3F8-4292-9A1F-0BD6B17F4C86}"
	ProjectSection(SolutionItems) = preProject
		PowerShell\Reverse.Engineer\Export.Columns.ps1 = PowerShell\Reverse.Engineer\Export.Columns.ps1
		PowerShell\Reverse.Engineer\Export.Content.Types.ps1 = PowerShell\Reverse.Engineer\Export.Content.Types.ps1
		PowerShell\Reverse.Engineer\Export.Lists.ps1 = PowerShell\Reverse.Engineer\Export.Lists.ps1
		PowerShell\Reverse.Engineer\Export.Taxonomy.ps1 = PowerShell\Reverse.Engineer\Export.Taxonomy.ps1
		PowerShell\Reverse.Engineer\Input.xml = PowerShell\Reverse.Engineer\Input.xml
	EndProjectSection
EndProject
Global
	GlobalSection(SolutionConfigurationPlatforms) = preSolution
		Debug|Any CPU = Debug|Any CPU
		Release|Any CPU = Release|Any CPU
	EndGlobalSection
	GlobalSection(ProjectConfigurationPlatforms) = postSolution
		{2A373C50-747E-4BB0-9928-13857E1D3BD5}.Debug|Any CPU.ActiveCfg = Debug|Any CPU
		{2A373C50-747E-4BB0-9928-13857E1D3BD5}.Debug|Any CPU.Build.0 = Debug|Any CPU
		{2A373C50-747E-4BB0-9928-13857E1D3BD5}.Debug|Any CPU.Deploy.0 = Debug|Any CPU
		{2A373C50-747E-4BB0-9928-13857E1D3BD5}.Release|Any CPU.ActiveCfg = Release|Any CPU
		{2A373C50-747E-4BB0-9928-13857E1D3BD5}.Release|Any CPU.Build.0 = Release|Any CPU
		{2A373C50-747E-4BB0-9928-13857E1D3BD5}.Release|Any CPU.Deploy.0 = Release|Any CPU
		{AABCA900-5695-40CC-88B9-AD74858B52BF}.Debug|Any CPU.ActiveCfg = Debug|Any CPU
		{AABCA900-5695-40CC-88B9-AD74858B52BF}.Debug|Any CPU.Build.0 = Debug|Any CPU
		{AABCA900-5695-40CC-88B9-AD74858B52BF}.Release|Any CPU.ActiveCfg = Release|Any CPU
		{AABCA900-5695-40CC-88B9-AD74858B52BF}.Release|Any CPU.Build.0 = Release|Any CPU
	EndGlobalSection
	GlobalSection(SolutionProperties) = preSolution
		HideSolutionNode = FALSE
	EndGlobalSection
	GlobalSection(NestedProjects) = preSolution
		{889AC0A4-CE87-4E35-AE71-1B5EB4309ACA} = {17F9C149-2BFD-4250-9570-FB69A9282815}
		{4F23F11C-D3F8-4292-9A1F-0BD6B17F4C86} = {17F9C149-2BFD-4250-9570-FB69A9282815}
	EndGlobalSection
EndGlobal
